
Microsoft Visual Studio Solution File, Format Version 12.00
# Visual Studio Version 17
VisualStudioVersion = 17.9.34723.18
MinimumVisualStudioVersion = 10.0.40219.1
Project("{9A19103F-16F7-4668-BE54-9A1E7A4F7556}") = "checkout-kata", "checkout-kata\checkout-kata.csproj", "{768B113A-A756-409F-9A6D-BB5196F4E101}"
EndProject
Project("{FAE04EC0-301F-11D3-BF4B-00C04F79EFBC}") = "checkout-kata-tests", "checkout-kata-tests\checkout-kata-tests.csproj", "{915317B5-81D6-4AF0-943A-15132317DAE1}"
EndProject
Global
	GlobalSection(SolutionConfigurationPlatforms) = preSolution
		Debug|Any CPU = Debug|Any CPU
		Release|Any CPU = Release|Any CPU
	EndGlobalSection
	GlobalSection(ProjectConfigurationPlatforms) = postSolution
		{768B113A-A756-409F-9A6D-BB5196F4E101}.Debug|Any CPU.ActiveCfg = Debug|Any CPU
		{768B113A-A756-409F-9A6D-BB5196F4E101}.Debug|Any CPU.Build.0 = Debug|Any CPU
		{768B113A-A756-409F-9A6D-BB5196F4E101}.Release|Any CPU.ActiveCfg = Release|Any CPU
		{768B113A-A756-409F-9A6D-BB5196F4E101}.Release|Any CPU.Build.0 = Release|Any CPU
		{915317B5-81D6-4AF0-943A-15132317DAE1}.Debug|Any CPU.ActiveCfg = Debug|Any CPU
		{915317B5-81D6-4AF0-943A-15132317DAE1}.Debug|Any CPU.Build.0 = Debug|Any CPU
		{915317B5-81D6-4AF0-943A-15132317DAE1}.Release|Any CPU.ActiveCfg = Release|Any CPU
		{915317B5-81D6-4AF0-943A-15132317DAE1}.Release|Any CPU.Build.0 = Release|Any CPU
	EndGlobalSection
	GlobalSection(SolutionProperties) = preSolution
		HideSolutionNode = FALSE
	EndGlobalSection
	GlobalSection(ExtensibilityGlobals) = postSolution
		SolutionGuid = {1AA1EE5F-D2C9-4BA8-BC71-09D2B7DF8711}
	EndGlobalSection
EndGlobal
